
Microsoft Visual Studio Solution File, Format Version 12.00
# Visual Studio Version 17
VisualStudioVersion = 17.0.31903.59
MinimumVisualStudioVersion = 10.0.40219.1
Project("{2150E333-8FDC-42A3-9474-1A3956D46DE8}") = "src", "src", "{C7553176-BC58-494A-838D-6F329095D8F0}"
EndProject
Project("{FAE04EC0-301F-11D3-BF4B-00C04F79EFBC}") = "Pusher.Core", "src\Pusher.Core\Pusher.Core.csproj", "{F0992D51-74DA-44D4-AA55-EEEC2BC3AF03}"
EndProject
Project("{FAE04EC0-301F-11D3-BF4B-00C04F79EFBC}") = "Pusher.Git", "src\Pusher.Git\Pusher.Git.csproj", "{37528B8C-06D7-4915-BE79-F7582C75C6B3}"
EndProject
Project("{FAE04EC0-301F-11D3-BF4B-00C04F79EFBC}") = "Pusher.GitHub", "src\Pusher.GitHub\Pusher.GitHub.csproj", "{263DA935-1856-44CD-9B7F-D756C8E88D49}"
EndProject
Project("{FAE04EC0-301F-11D3-BF4B-00C04F79EFBC}") = "Pusher.Ipc", "src\Pusher.Ipc\Pusher.Ipc.csproj", "{B2D50C97-D37E-4EEF-ABEA-1003784EA2D2}"
EndProject
Project("{FAE04EC0-301F-11D3-BF4B-00C04F79EFBC}") = "Pusher.Service", "src\Pusher.Service\Pusher.Service.csproj", "{B5227D0F-29EF-4E72-B2DC-E6ACAAE84C00}"
EndProject
Project("{FAE04EC0-301F-11D3-BF4B-00C04F79EFBC}") = "Pusher.Storage", "src\Pusher.Storage\Pusher.Storage.csproj", "{519A04A2-F2BE-4B13-B246-368BC26CD48A}"
EndProject
Project("{2150E333-8FDC-42A3-9474-1A3956D46DE8}") = "tests", "tests", "{AFDBAF8A-7BA6-49EF-838D-549A768227A1}"
EndProject
Project("{FAE04EC0-301F-11D3-BF4B-00C04F79EFBC}") = "Pusher.Tests", "tests\Pusher.Tests\Pusher.Tests.csproj", "{A5EB2181-7FD2-4C2D-A3B0-AEFFFBEF931C}"
EndProject
Project("{FAE04EC0-301F-11D3-BF4B-00C04F79EFBC}") = "Pusher.App", "src\Pusher.App\Pusher.App.csproj", "{B4AD8F12-D363-467E-B251-464D15F004C8}"
EndProject
Global
	GlobalSection(SolutionConfigurationPlatforms) = preSolution
		Debug|Any CPU = Debug|Any CPU
		Release|Any CPU = Release|Any CPU
	EndGlobalSection
	GlobalSection(SolutionProperties) = preSolution
		HideSolutionNode = FALSE
	EndGlobalSection
	GlobalSection(ProjectConfigurationPlatforms) = postSolution
		{F0992D51-74DA-44D4-AA55-EEEC2BC3AF03}.Debug|Any CPU.ActiveCfg = Debug|Any CPU
		{F0992D51-74DA-44D4-AA55-EEEC2BC3AF03}.Debug|Any CPU.Build.0 = Debug|Any CPU
		{F0992D51-74DA-44D4-AA55-EEEC2BC3AF03}.Release|Any CPU.ActiveCfg = Release|Any CPU
		{F0992D51-74DA-44D4-AA55-EEEC2BC3AF03}.Release|Any CPU.Build.0 = Release|Any CPU
		{37528B8C-06D7-4915-BE79-F7582C75C6B3}.Debug|Any CPU.ActiveCfg = Debug|Any CPU
		{37528B8C-06D7-4915-BE79-F7582C75C6B3}.Debug|Any CPU.Build.0 = Debug|Any CPU
		{37528B8C-06D7-4915-BE79-F7582C75C6B3}.Release|Any CPU.ActiveCfg = Release|Any CPU
		{37528B8C-06D7-4915-BE79-F7582C75C6B3}.Release|Any CPU.Build.0 = Release|Any CPU
		{263DA935-1856-44CD-9B7F-D756C8E88D49}.Debug|Any CPU.ActiveCfg = Debug|Any CPU
		{263DA935-1856-44CD-9B7F-D756C8E88D49}.Debug|Any CPU.Build.0 = Debug|Any CPU
		{263DA935-1856-44CD-9B7F-D756C8E88D49}.Release|Any CPU.ActiveCfg = Release|Any CPU
		{263DA935-1856-44CD-9B7F-D756C8E88D49}.Release|Any CPU.Build.0 = Release|Any CPU
		{B2D50C97-D37E-4EEF-ABEA-1003784EA2D2}.Debug|Any CPU.ActiveCfg = Debug|Any CPU
		{B2D50C97-D37E-4EEF-ABEA-1003784EA2D2}.Debug|Any CPU.Build.0 = Debug|Any CPU
		{B2D50C97-D37E-4EEF-ABEA-1003784EA2D2}.Release|Any CPU.ActiveCfg = Release|Any CPU
		{B2D50C97-D37E-4EEF-ABEA-1003784EA2D2}.Release|Any CPU.Build.0 = Release|Any CPU
		{B5227D0F-29EF-4E72-B2DC-E6ACAAE84C00}.Debug|Any CPU.ActiveCfg = Debug|Any CPU
		{B5227D0F-29EF-4E72-B2DC-E6ACAAE84C00}.Debug|Any CPU.Build.0 = Debug|Any CPU
		{B5227D0F-29EF-4E72-B2DC-E6ACAAE84C00}.Release|Any CPU.ActiveCfg = Release|Any CPU
		{B5227D0F-29EF-4E72-B2DC-E6ACAAE84C00}.Release|Any CPU.Build.0 = Release|Any CPU
		{519A04A2-F2BE-4B13-B246-368BC26CD48A}.Debug|Any CPU.ActiveCfg = Debug|Any CPU
		{519A04A2-F2BE-4B13-B246-368BC26CD48A}.Debug|Any CPU.Build.0 = Debug|Any CPU
		{519A04A2-F2BE-4B13-B246-368BC26CD48A}.Release|Any CPU.ActiveCfg = Release|Any CPU
		{519A04A2-F2BE-4B13-B246-368BC26CD48A}.Release|Any CPU.Build.0 = Release|Any CPU
		{A5EB2181-7FD2-4C2D-A3B0-AEFFFBEF931C}.Debug|Any CPU.ActiveCfg = Debug|Any CPU
		{A5EB2181-7FD2-4C2D-A3B0-AEFFFBEF931C}.Debug|Any CPU.Build.0 = Debug|Any CPU
		{A5EB2181-7FD2-4C2D-A3B0-AEFFFBEF931C}.Release|Any CPU.ActiveCfg = Release|Any CPU
		{A5EB2181-7FD2-4C2D-A3B0-AEFFFBEF931C}.Release|Any CPU.Build.0 = Release|Any CPU
		{B4AD8F12-D363-467E-B251-464D15F004C8}.Debug|Any CPU.ActiveCfg = Debug|Any CPU
		{B4AD8F12-D363-467E-B251-464D15F004C8}.Debug|Any CPU.Build.0 = Debug|Any CPU
		{B4AD8F12-D363-467E-B251-464D15F004C8}.Release|Any CPU.ActiveCfg = Release|Any CPU
		{B4AD8F12-D363-467E-B251-464D15F004C8}.Release|Any CPU.Build.0 = Release|Any CPU
	EndGlobalSection
	GlobalSection(NestedProjects) = preSolution
		{F0992D51-74DA-44D4-AA55-EEEC2BC3AF03} = {C7553176-BC58-494A-838D-6F329095D8F0}
		{37528B8C-06D7-4915-BE79-F7582C75C6B3} = {C7553176-BC58-494A-838D-6F329095D8F0}
		{263DA935-1856-44CD-9B7F-D756C8E88D49} = {C7553176-BC58-494A-838D-6F329095D8F0}
		{B2D50C97-D37E-4EEF-ABEA-1003784EA2D2} = {C7553176-BC58-494A-838D-6F329095D8F0}
		{B5227D0F-29EF-4E72-B2DC-E6ACAAE84C00} = {C7553176-BC58-494A-838D-6F329095D8F0}
		{519A04A2-F2BE-4B13-B246-368BC26CD48A} = {C7553176-BC58-494A-838D-6F329095D8F0}
		{A5EB2181-7FD2-4C2D-A3B0-AEFFFBEF931C} = {AFDBAF8A-7BA6-49EF-838D-549A768227A1}
		{B4AD8F12-D363-467E-B251-464D15F004C8} = {C7553176-BC58-494A-838D-6F329095D8F0}
	EndGlobalSection
EndGlobal
